
Microsoft Visual Studio Solution File, Format Version 12.00
Project("{2150E333-8FDC-42A3-9474-1A3956D46DE8}") = "src", "src", "{CBB27C77-2964-4753-9D72-C1D522A764A8}"
EndProject
Project("{FAE04EC0-301F-11D3-BF4B-00C04F79EFBC}") = "ReportGeneratorService.Core", "src\ReportGeneratorService.Core\ReportGeneratorService.Core.csproj", "{D434D5EF-AA4D-4304-AA55-3BB9BD8CDF86}"
EndProject
Project("{FAE04EC0-301F-11D3-BF4B-00C04F79EFBC}") = "ReportGeneratorService.Application", "src\ReportGeneratorService.Application\ReportGeneratorService.Application.csproj", "{8AFB4DC4-BC57-4CC6-BDA2-462D949D93A2}"
EndProject
Project("{FAE04EC0-301F-11D3-BF4B-00C04F79EFBC}") = "ReportGeneratorService.Infrastructure", "src\ReportGeneratorService.Infrastructure\ReportGeneratorService.Infrastructure.csproj", "{F1EE8E8A-F28F-4382-BA85-943276767AC0}"
EndProject
Project("{FAE04EC0-301F-11D3-BF4B-00C04F79EFBC}") = "ReportGeneratorService.Web", "src\ReportGeneratorService.Web\ReportGeneratorService.Web.csproj", "{0FB9C750-985E-4FD9-9957-2B9E5C7022AE}"
EndProject
Project("{FAE04EC0-301F-11D3-BF4B-00C04F79EFBC}") = "eportGeneratorService.Shared", "src\eportGeneratorService.Shared\eportGeneratorService.Shared.csproj", "{02890322-B94D-4EDA-A750-33424B44A752}"
EndProject
Global
	GlobalSection(SolutionConfigurationPlatforms) = preSolution
		Debug|Any CPU = Debug|Any CPU
		Release|Any CPU = Release|Any CPU
	EndGlobalSection
	GlobalSection(NestedProjects) = preSolution
		{D434D5EF-AA4D-4304-AA55-3BB9BD8CDF86} = {CBB27C77-2964-4753-9D72-C1D522A764A8}
		{8AFB4DC4-BC57-4CC6-BDA2-462D949D93A2} = {CBB27C77-2964-4753-9D72-C1D522A764A8}
		{F1EE8E8A-F28F-4382-BA85-943276767AC0} = {CBB27C77-2964-4753-9D72-C1D522A764A8}
		{0FB9C750-985E-4FD9-9957-2B9E5C7022AE} = {CBB27C77-2964-4753-9D72-C1D522A764A8}
		{02890322-B94D-4EDA-A750-33424B44A752} = {CBB27C77-2964-4753-9D72-C1D522A764A8}
	EndGlobalSection
	GlobalSection(ProjectConfigurationPlatforms) = postSolution
		{D434D5EF-AA4D-4304-AA55-3BB9BD8CDF86}.Debug|Any CPU.ActiveCfg = Debug|Any CPU
		{D434D5EF-AA4D-4304-AA55-3BB9BD8CDF86}.Debug|Any CPU.Build.0 = Debug|Any CPU
		{D434D5EF-AA4D-4304-AA55-3BB9BD8CDF86}.Release|Any CPU.ActiveCfg = Release|Any CPU
		{D434D5EF-AA4D-4304-AA55-3BB9BD8CDF86}.Release|Any CPU.Build.0 = Release|Any CPU
		{8AFB4DC4-BC57-4CC6-BDA2-462D949D93A2}.Debug|Any CPU.ActiveCfg = Debug|Any CPU
		{8AFB4DC4-BC57-4CC6-BDA2-462D949D93A2}.Debug|Any CPU.Build.0 = Debug|Any CPU
		{8AFB4DC4-BC57-4CC6-BDA2-462D949D93A2}.Release|Any CPU.ActiveCfg = Release|Any CPU
		{8AFB4DC4-BC57-4CC6-BDA2-462D949D93A2}.Release|Any CPU.Build.0 = Release|Any CPU
		{F1EE8E8A-F28F-4382-BA85-943276767AC0}.Debug|Any CPU.ActiveCfg = Debug|Any CPU
		{F1EE8E8A-F28F-4382-BA85-943276767AC0}.Debug|Any CPU.Build.0 = Debug|Any CPU
		{F1EE8E8A-F28F-4382-BA85-943276767AC0}.Release|Any CPU.ActiveCfg = Release|Any CPU
		{F1EE8E8A-F28F-4382-BA85-943276767AC0}.Release|Any CPU.Build.0 = Release|Any CPU
		{0FB9C750-985E-4FD9-9957-2B9E5C7022AE}.Debug|Any CPU.ActiveCfg = Debug|Any CPU
		{0FB9C750-985E-4FD9-9957-2B9E5C7022AE}.Debug|Any CPU.Build.0 = Debug|Any CPU
		{0FB9C750-985E-4FD9-9957-2B9E5C7022AE}.Release|Any CPU.ActiveCfg = Release|Any CPU
		{0FB9C750-985E-4FD9-9957-2B9E5C7022AE}.Release|Any CPU.Build.0 = Release|Any CPU
		{02890322-B94D-4EDA-A750-33424B44A752}.Debug|Any CPU.ActiveCfg = Debug|Any CPU
		{02890322-B94D-4EDA-A750-33424B44A752}.Debug|Any CPU.Build.0 = Debug|Any CPU
		{02890322-B94D-4EDA-A750-33424B44A752}.Release|Any CPU.ActiveCfg = Release|Any CPU
		{02890322-B94D-4EDA-A750-33424B44A752}.Release|Any CPU.Build.0 = Release|Any CPU
	EndGlobalSection
EndGlobal
